<?xml version="1.0" encoding="utf-8"?>
<Project ToolsVersion="4.0" xmlns="http://schemas.microsoft.com/developer/msbuild/2003">
  <ItemGroup>
    <ClCompile Include="IvRenderer.cpp" />
    <ClCompile Include="IvRendererHelp.cpp" />
    <ClCompile Include="IvTeapot.cpp" />
    <ClCompile Include="OGL\IvFragmentShaderOGL.cpp">
      <Filter>OGL</Filter>
    </ClCompile>
    <ClCompile Include="OGL\IvIndexBufferOGL.cpp">
      <Filter>OGL</Filter>
    </ClCompile>
    <ClCompile Include="OGL\IvRendererHelpOGL.cpp">
      <Filter>OGL</Filter>
    </ClCompile>
    <ClCompile Include="OGL\IvRendererOGL.cpp">
      <Filter>OGL</Filter>
    </ClCompile>
    <ClCompile Include="OGL\IvResourceManagerOGL.cpp">
      <Filter>OGL</Filter>
    </ClCompile>
    <ClCompile Include="OGL\IvShaderProgramOGL.cpp">
      <Filter>OGL</Filter>
    </ClCompile>
    <ClCompile Include="OGL\IvUniformOGL.cpp">
      <Filter>OGL</Filter>
    </ClCompile>
    <ClCompile Include="OGL\IvVertexBufferOGL.cpp">
      <Filter>OGL</Filter>
    </ClCompile>
    <ClCompile Include="OGL\IvVertexShaderOGL.cpp">
      <Filter>OGL</Filter>
    </ClCompile>
    <ClCompile Include="D3D11\IvConstantTableD3D11.cpp">
      <Filter>D3D11</Filter>
    </ClCompile>
    <ClCompile Include="D3D11\IvFragmentShaderD3D11.cpp">
      <Filter>D3D11</Filter>
    </ClCompile>
    <ClCompile Include="D3D11\IvIndexBufferD3D11.cpp">
      <Filter>D3D11</Filter>
    </ClCompile>
    <ClCompile Include="D3D11\IvRendererD3D11.cpp">
      <Filter>D3D11</Filter>
    </ClCompile>
    <ClCompile Include="D3D11\IvRendererHelpD3D11.cpp">
      <Filter>D3D11</Filter>
    </ClCompile>
    <ClCompile Include="D3D11\IvResourceManagerD3D11.cpp">
      <Filter>D3D11</Filter>
    </ClCompile>
    <ClCompile Include="D3D11\IvShaderProgramD3D11.cpp">
      <Filter>D3D11</Filter>
    </ClCompile>
    <ClCompile Include="D3D11\IvTextureD3D11.cpp">
      <Filter>D3D11</Filter>
    </ClCompile>
    <ClCompile Include="D3D11\IvUniformD3D11.cpp">
      <Filter>D3D11</Filter>
    </ClCompile>
    <ClCompile Include="D3D11\IvVertexBufferD3D11.cpp">
      <Filter>D3D11</Filter>
    </ClCompile>
    <ClCompile Include="D3D11\IvVertexShaderD3D11.cpp">
      <Filter>D3D11</Filter>
    </ClCompile>
    <ClCompile Include="OGL\IvTextureOGL.cpp">
      <Filter>OGL</Filter>
    </ClCompile>
    <ClCompile Include="D3D11\IvPointRendererD3D11.cpp">
      <Filter>D3D11</Filter>
    </ClCompile>
  </ItemGroup>
  <ItemGroup>
    <ClInclude Include="IvColor.h" />
    <ClInclude Include="IvFragmentShader.h" />
    <ClInclude Include="IvIndexBuffer.h" />
    <ClInclude Include="IvRenderer.h" />
    <ClInclude Include="IvRendererHelp.h" />
    <ClInclude Include="IvResourceManager.h" />
    <ClInclude Include="IvShaderProgram.h" />
    <ClInclude Include="IvTeapot.h" />
    <ClInclude Include="IvTexture.h" />
    <ClInclude Include="IvTextureFormats.h" />
    <ClInclude Include="IvUniform.h" />
    <ClInclude Include="IvVertexBuffer.h" />
    <ClInclude Include="IvVertexFormats.h" />
    <ClInclude Include="IvVertexShader.h" />
    <ClInclude Include="OGL\IvFragmentShaderOGL.h">
      <Filter>OGL</Filter>
    </ClInclude>
    <ClInclude Include="OGL\IvIndexBufferOGL.h">
      <Filter>OGL</Filter>
    </ClInclude>
    <ClInclude Include="OGL\IvRendererOGL.h">
      <Filter>OGL</Filter>
    </ClInclude>
    <ClInclude Include="OGL\IvResourceManagerOGL.h">
      <Filter>OGL</Filter>
    </ClInclude>
    <ClInclude Include="OGL\IvShaderProgramOGL.h">
      <Filter>OGL</Filter>
    </ClInclude>
    <ClInclude Include="OGL\IvUniformOGL.h">
      <Filter>OGL</Filter>
    </ClInclude>
    <ClInclude Include="OGL\IvVertexBufferOGL.h">
      <Filter>OGL</Filter>
    </ClInclude>
    <ClInclude Include="OGL\IvVertexShaderOGL.h">
      <Filter>OGL</Filter>
    </ClInclude>
    <ClInclude Include="D3D11\IvConstantTableD3D11.h">
      <Filter>D3D11</Filter>
    </ClInclude>
    <ClInclude Include="D3D11\IvFragmentShaderD3D11.h">
      <Filter>D3D11</Filter>
    </ClInclude>
    <ClInclude Include="D3D11\IvIndexBufferD3D11.h">
      <Filter>D3D11</Filter>
    </ClInclude>
    <ClInclude Include="D3D11\IvRendererD3D11.h">
      <Filter>D3D11</Filter>
    </ClInclude>
    <ClInclude Include="D3D11\IvRendererHelpD3D11.h">
      <Filter>D3D11</Filter>
    </ClInclude>
    <ClInclude Include="D3D11\IvResourceManagerD3D11.h">
      <Filter>D3D11</Filter>
    </ClInclude>
    <ClInclude Include="D3D11\IvShaderProgramD3D11.h">
      <Filter>D3D11</Filter>
    </ClInclude>
    <ClInclude Include="D3D11\IvTextureD3D11.h">
      <Filter>D3D11</Filter>
    </ClInclude>
    <ClInclude Include="D3D11\IvUniformD3D11.h">
      <Filter>D3D11</Filter>
    </ClInclude>
    <ClInclude Include="D3D11\IvVertexBufferD3D11.h">
      <Filter>D3D11</Filter>
    </ClInclude>
    <ClInclude Include="D3D11\IvVertexShaderD3D11.h">
      <Filter>D3D11</Filter>
    </ClInclude>
    <ClInclude Include="OGL\IvTextureOGL.h">
      <Filter>OGL</Filter>
    </ClInclude>
    <ClInclude Include="D3D11\IvPointRendererD3D11.h">
      <Filter>D3D11</Filter>
    </ClInclude>
  </ItemGroup>
  <ItemGroup>
    <Filter Include="D3D11">
      <UniqueIdentifier>{1741123b-dea3-4e4c-a6c8-b2551c859ecc}</UniqueIdentifier>
    </Filter>
    <Filter Include="OGL">
      <UniqueIdentifier>{cba493f5-6b6b-40bd-85c8-a7f26674fd06}</UniqueIdentifier>
    </Filter>
  </ItemGroup>
</Project>