
Microsoft Visual Studio Solution File, Format Version 9.00
# Visual Studio 2005
Project("{8BC9CEB8-8B4A-11D0-8D11-00A0C91BC942}") = "Example", "Example.vcproj", "{7A165EC8-22E5-454A-9385-2C2D0B772FFC}"
	ProjectSection(ProjectDependencies) = postProject
		{25430902-A996-4870-8167-791B990FFC55} = {25430902-A996-4870-8167-791B990FFC55}
		{B9A6791B-8AF4-4287-BDAB-68302DCC3783} = {B9A6791B-8AF4-4287-BDAB-68302DCC3783}
		{63820BF9-B862-44F7-AA0F-996F2F465B26} = {63820BF9-B862-44F7-AA0F-996F2F465B26}
		{9EADBD9D-C4D2-4D67-9642-9D03873550D0} = {9EADBD9D-C4D2-4D67-9642-9D03873550D0}
		{0E0C3D9B-7D4A-4C71-B89C-EBA1D08EEB1D} = {0E0C3D9B-7D4A-4C71-B89C-EBA1D08EEB1D}
	EndProjectSection
EndProject
Project("{8BC9CEB8-8B4A-11D0-8D11-00A0C91BC942}") = "IvEngine", "..\..\..\common\IvEngine\IvEngine.vcproj", "{63820BF9-B862-44F7-AA0F-996F2F465B26}"
EndProject
Project("{8BC9CEB8-8B4A-11D0-8D11-00A0C91BC942}") = "IvMath", "..\..\..\common\IvMath\IvMath.vcproj", "{0E0C3D9B-7D4A-4C71-B89C-EBA1D08EEB1D}"
EndProject
Project("{8BC9CEB8-8B4A-11D0-8D11-00A0C91BC942}") = "IvUtility", "..\..\..\common\IvUtility\IvUtility.vcproj", "{25430902-A996-4870-8167-791B990FFC55}"
EndProject
Project("{8BC9CEB8-8B4A-11D0-8D11-00A0C91BC942}") = "IvGraphics", "..\..\..\common\IvGraphics\IvGraphics.vcproj", "{9EADBD9D-C4D2-4D67-9642-9D03873550D0}"
EndProject
Project("{8BC9CEB8-8B4A-11D0-8D11-00A0C91BC942}") = "IvRandom", "..\..\..\common\IvRandom\IvRandom.vcproj", "{B9A6791B-8AF4-4287-BDAB-68302DCC3783}"
EndProject
Global
	GlobalSection(SolutionConfigurationPlatforms) = preSolution
		Debug D3D9|Win32 = Debug D3D9|Win32
		Debug OGL|Win32 = Debug OGL|Win32
		Release D3D9|Win32 = Release D3D9|Win32
		Release OGL|Win32 = Release OGL|Win32
	EndGlobalSection
	GlobalSection(ProjectConfigurationPlatforms) = postSolution
		{7A165EC8-22E5-454A-9385-2C2D0B772FFC}.Debug D3D9|Win32.ActiveCfg = Debug D3D9|Win32
		{7A165EC8-22E5-454A-9385-2C2D0B772FFC}.Debug D3D9|Win32.Build.0 = Debug D3D9|Win32
		{7A165EC8-22E5-454A-9385-2C2D0B772FFC}.Debug OGL|Win32.ActiveCfg = Debug OGL|Win32
		{7A165EC8-22E5-454A-9385-2C2D0B772FFC}.Debug OGL|Win32.Build.0 = Debug OGL|Win32
		{7A165EC8-22E5-454A-9385-2C2D0B772FFC}.Release D3D9|Win32.ActiveCfg = Release D3D9|Win32
		{7A165EC8-22E5-454A-9385-2C2D0B772FFC}.Release D3D9|Win32.Build.0 = Release D3D9|Win32
		{7A165EC8-22E5-454A-9385-2C2D0B772FFC}.Release OGL|Win32.ActiveCfg = Release OGL|Win32
		{7A165EC8-22E5-454A-9385-2C2D0B772FFC}.Release OGL|Win32.Build.0 = Release OGL|Win32
		{63820BF9-B862-44F7-AA0F-996F2F465B26}.Debug D3D9|Win32.ActiveCfg = Debug D3D9|Win32
		{63820BF9-B862-44F7-AA0F-996F2F465B26}.Debug D3D9|Win32.Build.0 = Debug D3D9|Win32
		{63820BF9-B862-44F7-AA0F-996F2F465B26}.Debug OGL|Win32.ActiveCfg = Debug OGL|Win32
		{63820BF9-B862-44F7-AA0F-996F2F465B26}.Debug OGL|Win32.Build.0 = Debug OGL|Win32
		{63820BF9-B862-44F7-AA0F-996F2F465B26}.Release D3D9|Win32.ActiveCfg = Release D3D9|Win32
		{63820BF9-B862-44F7-AA0F-996F2F465B26}.Release D3D9|Win32.Build.0 = Release D3D9|Win32
		{63820BF9-B862-44F7-AA0F-996F2F465B26}.Release OGL|Win32.ActiveCfg = Release OGL|Win32
		{63820BF9-B862-44F7-AA0F-996F2F465B26}.Release OGL|Win32.Build.0 = Release OGL|Win32
		{0E0C3D9B-7D4A-4C71-B89C-EBA1D08EEB1D}.Debug D3D9|Win32.ActiveCfg = Debug|Win32
		{0E0C3D9B-7D4A-4C71-B89C-EBA1D08EEB1D}.Debug D3D9|Win32.Build.0 = Debug|Win32
		{0E0C3D9B-7D4A-4C71-B89C-EBA1D08EEB1D}.Debug OGL|Win32.ActiveCfg = Debug|Win32
		{0E0C3D9B-7D4A-4C71-B89C-EBA1D08EEB1D}.Debug OGL|Win32.Build.0 = Debug|Win32
		{0E0C3D9B-7D4A-4C71-B89C-EBA1D08EEB1D}.Release D3D9|Win32.ActiveCfg = Release|Win32
		{0E0C3D9B-7D4A-4C71-B89C-EBA1D08EEB1D}.Release D3D9|Win32.Build.0 = Release|Win32
		{0E0C3D9B-7D4A-4C71-B89C-EBA1D08EEB1D}.Release OGL|Win32.ActiveCfg = Release|Win32
		{0E0C3D9B-7D4A-4C71-B89C-EBA1D08EEB1D}.Release OGL|Win32.Build.0 = Release|Win32
		{25430902-A996-4870-8167-791B990FFC55}.Debug D3D9|Win32.ActiveCfg = Debug|Win32
		{25430902-A996-4870-8167-791B990FFC55}.Debug D3D9|Win32.Build.0 = Debug|Win32
		{25430902-A996-4870-8167-791B990FFC55}.Debug OGL|Win32.ActiveCfg = Debug|Win32
		{25430902-A996-4870-8167-791B990FFC55}.Debug OGL|Win32.Build.0 = Debug|Win32
		{25430902-A996-4870-8167-791B990FFC55}.Release D3D9|Win32.ActiveCfg = Release|Win32
		{25430902-A996-4870-8167-791B990FFC55}.Release D3D9|Win32.Build.0 = Release|Win32
		{25430902-A996-4870-8167-791B990FFC55}.Release OGL|Win32.ActiveCfg = Release|Win32
		{25430902-A996-4870-8167-791B990FFC55}.Release OGL|Win32.Build.0 = Release|Win32
		{9EADBD9D-C4D2-4D67-9642-9D03873550D0}.Debug D3D9|Win32.ActiveCfg = Debug D3D9|Win32
		{9EADBD9D-C4D2-4D67-9642-9D03873550D0}.Debug D3D9|Win32.Build.0 = Debug D3D9|Win32
		{9EADBD9D-C4D2-4D67-9642-9D03873550D0}.Debug OGL|Win32.ActiveCfg = Debug OGL|Win32
		{9EADBD9D-C4D2-4D67-9642-9D03873550D0}.Debug OGL|Win32.Build.0 = Debug OGL|Win32
		{9EADBD9D-C4D2-4D67-9642-9D03873550D0}.Release D3D9|Win32.ActiveCfg = Release D3D9|Win32
		{9EADBD9D-C4D2-4D67-9642-9D03873550D0}.Release D3D9|Win32.Build.0 = Release D3D9|Win32
		{9EADBD9D-C4D2-4D67-9642-9D03873550D0}.Release OGL|Win32.ActiveCfg = Release OGL|Win32
		{9EADBD9D-C4D2-4D67-9642-9D03873550D0}.Release OGL|Win32.Build.0 = Release OGL|Win32
		{B9A6791B-8AF4-4287-BDAB-68302DCC3783}.Debug D3D9|Win32.ActiveCfg = Debug|Win32
		{B9A6791B-8AF4-4287-BDAB-68302DCC3783}.Debug D3D9|Win32.Build.0 = Debug|Win32
		{B9A6791B-8AF4-4287-BDAB-68302DCC3783}.Debug OGL|Win32.ActiveCfg = Debug|Win32
		{B9A6791B-8AF4-4287-BDAB-68302DCC3783}.Debug OGL|Win32.Build.0 = Debug|Win32
		{B9A6791B-8AF4-4287-BDAB-68302DCC3783}.Release D3D9|Win32.ActiveCfg = Release|Win32
		{B9A6791B-8AF4-4287-BDAB-68302DCC3783}.Release D3D9|Win32.Build.0 = Release|Win32
		{B9A6791B-8AF4-4287-BDAB-68302DCC3783}.Release OGL|Win32.ActiveCfg = Release|Win32
		{B9A6791B-8AF4-4287-BDAB-68302DCC3783}.Release OGL|Win32.Build.0 = Release|Win32
	EndGlobalSection
	GlobalSection(SolutionProperties) = preSolution
		HideSolutionNode = FALSE
	EndGlobalSection
EndGlobal
