// !$*UTF8*$!
{
	archiveVersion = 1;
	classes = {
	};
	objectVersion = 42;
	objects = {

/* Begin PBXBuildFile section */
		CED858C80D7E364900108FEE /* IvCarryMultiply.h in Headers */ = {isa = PBXBuildFile; fileRef = CED858C30D7E364900108FEE /* IvCarryMultiply.h */; };
		CED858C90D7E364900108FEE /* IvLCG64.h in Headers */ = {isa = PBXBuildFile; fileRef = CED858C40D7E364900108FEE /* IvLCG64.h */; };
		CED858CA0D7E364900108FEE /* IvLCGPrime.h in Headers */ = {isa = PBXBuildFile; fileRef = CED858C50D7E364900108FEE /* IvLCGPrime.h */; };
		CED858CB0D7E364900108FEE /* IvMersenne.cpp in Sources */ = {isa = PBXBuildFile; fileRef = CED858C60D7E364900108FEE /* IvMersenne.cpp */; };
		CED858CC0D7E364900108FEE /* IvMersenne.h in Headers */ = {isa = PBXBuildFile; fileRef = CED858C70D7E364900108FEE /* IvMersenne.h */; };
/* End PBXBuildFile section */

/* Begin PBXFileReference section */
		CE33FB021972AD7000196B11 /* IvKISS.h */ = {isa = PBXFileReference; lastKnownFileType = sourcecode.c.h; path = IvKISS.h; sourceTree = "<group>"; };
		CE33FB031972AD8600196B11 /* IvXorshift.h */ = {isa = PBXFileReference; lastKnownFileType = sourcecode.c.h; path = IvXorshift.h; sourceTree = "<group>"; };
		CED858C30D7E364900108FEE /* IvCarryMultiply.h */ = {isa = PBXFileReference; fileEncoding = 4; lastKnownFileType = sourcecode.c.h; path = IvCarryMultiply.h; sourceTree = "<group>"; };
		CED858C40D7E364900108FEE /* IvLCG64.h */ = {isa = PBXFileReference; fileEncoding = 4; lastKnownFileType = sourcecode.c.h; path = IvLCG64.h; sourceTree = "<group>"; };
		CED858C50D7E364900108FEE /* IvLCGPrime.h */ = {isa = PBXFileReference; fileEncoding = 4; lastKnownFileType = sourcecode.c.h; path = IvLCGPrime.h; sourceTree = "<group>"; };
		CED858C60D7E364900108FEE /* IvMersenne.cpp */ = {isa = PBXFileReference; fileEncoding = 4; lastKnownFileType = sourcecode.cpp.cpp; path = IvMersenne.cpp; sourceTree = "<group>"; };
		CED858C70D7E364900108FEE /* IvMersenne.h */ = {isa = PBXFileReference; fileEncoding = 4; lastKnownFileType = sourcecode.c.h; path = IvMersenne.h; sourceTree = "<group>"; };
		D2AAC07E0554694100DB518D /* libIvRandom.a */ = {isa = PBXFileReference; explicitFileType = archive.ar; includeInIndex = 0; path = libIvRandom.a; sourceTree = BUILT_PRODUCTS_DIR; };
/* End PBXFileReference section */

/* Begin PBXFrameworksBuildPhase section */
		D2AAC07C0554694100DB518D /* Frameworks */ = {
			isa = PBXFrameworksBuildPhase;
			buildActionMask = 2147483647;
			files = (
			);
			runOnlyForDeploymentPostprocessing = 0;
		};
/* End PBXFrameworksBuildPhase section */

/* Begin PBXGroup section */
		034768DFFF38A50411DB9C8B /* Products */ = {
			isa = PBXGroup;
			children = (
				D2AAC07E0554694100DB518D /* libIvRandom.a */,
			);
			name = Products;
			sourceTree = "<group>";
		};
		0867D691FE84028FC02AAC07 /* IvMath */ = {
			isa = PBXGroup;
			children = (
				08FB77AEFE84172EC02AAC07 /* Sources */,
				034768DFFF38A50411DB9C8B /* Products */,
			);
			name = IvMath;
			sourceTree = "<group>";
		};
		08FB77AEFE84172EC02AAC07 /* Sources */ = {
			isa = PBXGroup;
			children = (
				CED858C30D7E364900108FEE /* IvCarryMultiply.h */,
				CED858C40D7E364900108FEE /* IvLCG64.h */,
				CED858C50D7E364900108FEE /* IvLCGPrime.h */,
				CED858C60D7E364900108FEE /* IvMersenne.cpp */,
				CED858C70D7E364900108FEE /* IvMersenne.h */,
				CE33FB021972AD7000196B11 /* IvKISS.h */,
				CE33FB031972AD8600196B11 /* IvXorshift.h */,
			);
			name = Sources;
			sourceTree = "<group>";
		};
/* End PBXGroup section */

/* Begin PBXHeadersBuildPhase section */
		D2AAC07A0554694100DB518D /* Headers */ = {
			isa = PBXHeadersBuildPhase;
			buildActionMask = 2147483647;
			files = (
				CED858C80D7E364900108FEE /* IvCarryMultiply.h in Headers */,
				CED858C90D7E364900108FEE /* IvLCG64.h in Headers */,
				CED858CA0D7E364900108FEE /* IvLCGPrime.h in Headers */,
				CED858CC0D7E364900108FEE /* IvMersenne.h in Headers */,
			);
			runOnlyForDeploymentPostprocessing = 0;
		};
/* End PBXHeadersBuildPhase section */

/* Begin PBXNativeTarget section */
		D2AAC07D0554694100DB518D /* IvRandom */ = {
			isa = PBXNativeTarget;
			buildConfigurationList = 1DEB921E08733DC00010E9CD /* Build configuration list for PBXNativeTarget "IvRandom" */;
			buildPhases = (
				D2AAC07A0554694100DB518D /* Headers */,
				D2AAC07B0554694100DB518D /* Sources */,
				D2AAC07C0554694100DB518D /* Frameworks */,
			);
			buildRules = (
			);
			dependencies = (
			);
			name = IvRandom;
			productName = IvMath;
			productReference = D2AAC07E0554694100DB518D /* libIvRandom.a */;
			productType = "com.apple.product-type.library.static";
		};
/* End PBXNativeTarget section */

/* Begin PBXProject section */
		0867D690FE84028FC02AAC07 /* Project object */ = {
			isa = PBXProject;
			attributes = {
			};
			buildConfigurationList = 1DEB922208733DC00010E9CD /* Build configuration list for PBXProject "IvRandom" */;
			compatibilityVersion = "Xcode 2.4";
			developmentRegion = English;
			hasScannedForEncodings = 1;
			knownRegions = (
				en,
			);
			mainGroup = 0867D691FE84028FC02AAC07 /* IvMath */;
			productRefGroup = 034768DFFF38A50411DB9C8B /* Products */;
			projectDirPath = "";
			projectRoot = "";
			targets = (
				D2AAC07D0554694100DB518D /* IvRandom */,
			);
		};
/* End PBXProject section */

/* Begin PBXSourcesBuildPhase section */
		D2AAC07B0554694100DB518D /* Sources */ = {
			isa = PBXSourcesBuildPhase;
			buildActionMask = 2147483647;
			files = (
				CED858CB0D7E364900108FEE /* IvMersenne.cpp in Sources */,
			);
			runOnlyForDeploymentPostprocessing = 0;
		};
/* End PBXSourcesBuildPhase section */

/* Begin XCBuildConfiguration section */
		1DEB921F08733DC00010E9CD /* Debug */ = {
			isa = XCBuildConfiguration;
			buildSettings = {
				COPY_PHASE_STRIP = NO;
				GCC_DYNAMIC_NO_PIC = NO;
				GCC_ENABLE_FIX_AND_CONTINUE = YES;
				GCC_INLINES_ARE_PRIVATE_EXTERN = YES;
				GCC_MODEL_TUNING = G5;
				GCC_OPTIMIZATION_LEVEL = 0;
				GCC_PRECOMPILE_PREFIX_HEADER = NO;
				GCC_PREFIX_HEADER = "";
				HEADER_SEARCH_PATHS = (
					"$(HEADER_SEARCH_PATHS)",
					../IvUtility,
				);
				INSTALL_PATH = /usr/local/lib;
				PRODUCT_NAME = IvRandom;
				SDKROOT = macosx10.8;
				ZERO_LINK = YES;
			};
			name = Debug;
		};
		1DEB922008733DC00010E9CD /* Release */ = {
			isa = XCBuildConfiguration;
			buildSettings = {
				ARCHS = (
					ppc,
					i386,
				);
				GCC_GENERATE_DEBUGGING_SYMBOLS = NO;
				GCC_MODEL_TUNING = G5;
				GCC_PRECOMPILE_PREFIX_HEADER = NO;
				GCC_PREFIX_HEADER = "";
				HEADER_SEARCH_PATHS = (
					"$(HEADER_SEARCH_PATHS)",
					../IvUtility,
				);
				INSTALL_PATH = /usr/local/lib;
				PRODUCT_NAME = IvRandom;
				SDKROOT = macosx10.8;
			};
			name = Release;
		};
		1DEB922308733DC00010E9CD /* Debug */ = {
			isa = XCBuildConfiguration;
			buildSettings = {
				CONFIGURATION_BUILD_DIR = "$(BUILD_DIR)/OSX$(CONFIGURATION)";
				GCC_WARN_ABOUT_RETURN_TYPE = YES;
				GCC_WARN_UNUSED_VARIABLE = YES;
				OBJROOT = build;
				PREBINDING = NO;
				SYMROOT = ../Libs;
			};
			name = Debug;
		};
		1DEB922408733DC00010E9CD /* Release */ = {
			isa = XCBuildConfiguration;
			buildSettings = {
				CONFIGURATION_BUILD_DIR = "$(BUILD_DIR)/OSX$(CONFIGURATION)";
				GCC_WARN_ABOUT_RETURN_TYPE = YES;
				GCC_WARN_UNUSED_VARIABLE = YES;
				OBJROOT = build;
				PREBINDING = NO;
				SYMROOT = ../Libs;
			};
			name = Release;
		};
/* End XCBuildConfiguration section */

/* Begin XCConfigurationList section */
		1DEB921E08733DC00010E9CD /* Build configuration list for PBXNativeTarget "IvRandom" */ = {
			isa = XCConfigurationList;
			buildConfigurations = (
				1DEB921F08733DC00010E9CD /* Debug */,
				1DEB922008733DC00010E9CD /* Release */,
			);
			defaultConfigurationIsVisible = 0;
			defaultConfigurationName = Release;
		};
		1DEB922208733DC00010E9CD /* Build configuration list for PBXProject "IvRandom" */ = {
			isa = XCConfigurationList;
			buildConfigurations = (
				1DEB922308733DC00010E9CD /* Debug */,
				1DEB922408733DC00010E9CD /* Release */,
			);
			defaultConfigurationIsVisible = 0;
			defaultConfigurationName = Release;
		};
/* End XCConfigurationList section */
	};
	rootObject = 0867D690FE84028FC02AAC07 /* Project object */;
}
